
Microsoft Visual Studio Solution File, Format Version 12.00
# Visual Studio 15
VisualStudioVersion = 15.0.27428.2005
MinimumVisualStudioVersion = 10.0.40219.1
Project("{FAE04EC0-301F-11D3-BF4B-00C04F79EFBC}") = "Lifme.Web", "Lifme.Web\Lifme.Web.csproj", "{483B8C47-C3D9-46F1-9946-BF3108EDDA08}"
EndProject
Project("{FAE04EC0-301F-11D3-BF4B-00C04F79EFBC}") = "Lifme.Service", "Lifme.Service\Lifme.Service.csproj", "{0A659E22-2C3B-43CF-8924-DEB4AD1BB4BE}"
EndProject
Project("{FAE04EC0-301F-11D3-BF4B-00C04F79EFBC}") = "Lifme.Repository", "Lifme.Repository\Lifme.Repository.csproj", "{D005F309-3A59-4103-A49C-FD3D4EC9CF9E}"
EndProject
Project("{FAE04EC0-301F-11D3-BF4B-00C04F79EFBC}") = "Lifme.Domain", "Lifme.Domain\Lifme.Domain.csproj", "{0F2C69BD-92E1-4F07-A49B-2DC0BD1F7B65}"
EndProject
Project("{FAE04EC0-301F-11D3-BF4B-00C04F79EFBC}") = "Lifme.Security", "Lifme.Security\Lifme.Security.csproj", "{80C3E635-AA55-4C35-9674-8CE462AC79FF}"
EndProject
Global
	GlobalSection(SolutionConfigurationPlatforms) = preSolution
		Debug|Any CPU = Debug|Any CPU
		Release|Any CPU = Release|Any CPU
	EndGlobalSection
	GlobalSection(ProjectConfigurationPlatforms) = postSolution
		{483B8C47-C3D9-46F1-9946-BF3108EDDA08}.Debug|Any CPU.ActiveCfg = Debug|Any CPU
		{483B8C47-C3D9-46F1-9946-BF3108EDDA08}.Debug|Any CPU.Build.0 = Debug|Any CPU
		{483B8C47-C3D9-46F1-9946-BF3108EDDA08}.Release|Any CPU.ActiveCfg = Release|Any CPU
		{483B8C47-C3D9-46F1-9946-BF3108EDDA08}.Release|Any CPU.Build.0 = Release|Any CPU
		{0A659E22-2C3B-43CF-8924-DEB4AD1BB4BE}.Debug|Any CPU.ActiveCfg = Debug|Any CPU
		{0A659E22-2C3B-43CF-8924-DEB4AD1BB4BE}.Debug|Any CPU.Build.0 = Debug|Any CPU
		{0A659E22-2C3B-43CF-8924-DEB4AD1BB4BE}.Release|Any CPU.ActiveCfg = Release|Any CPU
		{0A659E22-2C3B-43CF-8924-DEB4AD1BB4BE}.Release|Any CPU.Build.0 = Release|Any CPU
		{D005F309-3A59-4103-A49C-FD3D4EC9CF9E}.Debug|Any CPU.ActiveCfg = Debug|Any CPU
		{D005F309-3A59-4103-A49C-FD3D4EC9CF9E}.Debug|Any CPU.Build.0 = Debug|Any CPU
		{D005F309-3A59-4103-A49C-FD3D4EC9CF9E}.Release|Any CPU.ActiveCfg = Release|Any CPU
		{D005F309-3A59-4103-A49C-FD3D4EC9CF9E}.Release|Any CPU.Build.0 = Release|Any CPU
		{0F2C69BD-92E1-4F07-A49B-2DC0BD1F7B65}.Debug|Any CPU.ActiveCfg = Debug|Any CPU
		{0F2C69BD-92E1-4F07-A49B-2DC0BD1F7B65}.Debug|Any CPU.Build.0 = Debug|Any CPU
		{0F2C69BD-92E1-4F07-A49B-2DC0BD1F7B65}.Release|Any CPU.ActiveCfg = Release|Any CPU
		{0F2C69BD-92E1-4F07-A49B-2DC0BD1F7B65}.Release|Any CPU.Build.0 = Release|Any CPU
		{80C3E635-AA55-4C35-9674-8CE462AC79FF}.Debug|Any CPU.ActiveCfg = Debug|Any CPU
		{80C3E635-AA55-4C35-9674-8CE462AC79FF}.Debug|Any CPU.Build.0 = Debug|Any CPU
		{80C3E635-AA55-4C35-9674-8CE462AC79FF}.Release|Any CPU.ActiveCfg = Release|Any CPU
		{80C3E635-AA55-4C35-9674-8CE462AC79FF}.Release|Any CPU.Build.0 = Release|Any CPU
	EndGlobalSection
	GlobalSection(SolutionProperties) = preSolution
		HideSolutionNode = FALSE
	EndGlobalSection
	GlobalSection(ExtensibilityGlobals) = postSolution
		SolutionGuid = {4B68D6E4-E675-43ED-BDCE-B054A42D90B6}
	EndGlobalSection
EndGlobal
